// !$*UTF8*$!
{
	archiveVersion = 1;
	classes = {
	};
	objectVersion = 46;
	objects = {

/* Begin PBXBuildFile section */
		F2327CBC1EA989F60052F80B /* AppDelegate.swift in Sources */ = {isa = PBXBuildFile; fileRef = F2327CBB1EA989F60052F80B /* AppDelegate.swift */; };
		F2327CBE1EA989F60052F80B /* ViewController.swift in Sources */ = {isa = PBXBuildFile; fileRef = F2327CBD1EA989F60052F80B /* ViewController.swift */; };
		F2327CC11EA989F60052F80B /* Main.storyboard in Resources */ = {isa = PBXBuildFile; fileRef = F2327CBF1EA989F60052F80B /* Main.storyboard */; };
		F2327CC31EA989F60052F80B /* Assets.xcassets in Resources */ = {isa = PBXBuildFile; fileRef = F2327CC21EA989F60052F80B /* Assets.xcassets */; };
		F2327CC61EA989F60052F80B /* LaunchScreen.storyboard in Resources */ = {isa = PBXBuildFile; fileRef = F2327CC41EA989F60052F80B /* LaunchScreen.storyboard */; };
		F256678F1EA9AE8600D34E56 /* SampleLibrary.framework in Frameworks */ = {isa = PBXBuildFile; fileRef = F256678E1EA9AE8600D34E56 /* SampleLibrary.framework */; };
/* End PBXBuildFile section */

/* Begin PBXFileReference section */
		F2327CB81EA989F60052F80B /* CarthageWorkspaceSample.app */ = {isa = PBXFileReference; explicitFileType = wrapper.application; includeInIndex = 0; path = CarthageWorkspaceSample.app; sourceTree = BUILT_PRODUCTS_DIR; };
		F2327CBB1EA989F60052F80B /* AppDelegate.swift */ = {isa = PBXFileReference; lastKnownFileType = sourcecode.swift; path = AppDelegate.swift; sourceTree = "<group>"; };
		F2327CBD1EA989F60052F80B /* ViewController.swift */ = {isa = PBXFileReference; lastKnownFileType = sourcecode.swift; path = ViewController.swift; sourceTree = "<group>"; };
		F2327CC01EA989F60052F80B /* Base */ = {isa = PBXFileReference; lastKnownFileType = file.storyboard; name = Base; path = Base.lproj/Main.storyboard; sourceTree = "<group>"; };
		F2327CC21EA989F60052F80B /* Assets.xcassets */ = {isa = PBXFileReference; lastKnownFileType = folder.assetcatalog; path = Assets.xcassets; sourceTree = "<group>"; };
		F2327CC51EA989F60052F80B /* Base */ = {isa = PBXFileReference; lastKnownFileType = file.storyboard; name = Base; path = Base.lproj/LaunchScreen.storyboard; sourceTree = "<group>"; };
		F2327CC71EA989F60052F80B /* Info.plist */ = {isa = PBXFileReference; lastKnownFileType = text.plist.xml; path = Info.plist; sourceTree = "<group>"; };
		F256678E1EA9AE8600D34E56 /* SampleLibrary.framework */ = {isa = PBXFileReference; lastKnownFileType = wrapper.framework; name = SampleLibrary.framework; path = Carthage/Build/iOS/SampleLibrary.framework; sourceTree = SOURCE_ROOT; };
/* End PBXFileReference section */

/* Begin PBXFrameworksBuildPhase section */
		F2327CB51EA989F60052F80B /* Frameworks */ = {
			isa = PBXFrameworksBuildPhase;
			buildActionMask = 2147483647;
			files = (
				F256678F1EA9AE8600D34E56 /* SampleLibrary.framework in Frameworks */,
			);
			runOnlyForDeploymentPostprocessing = 0;
		};
/* End PBXFrameworksBuildPhase section */

/* Begin PBXGroup section */
		F2327CAF1EA989F60052F80B = {
			isa = PBXGroup;
			children = (
				F2327CBA1EA989F60052F80B /* CarthageWorkspaceSample */,
				F2327CB91EA989F60052F80B /* Products */,
			);
			sourceTree = "<group>";
		};
		F2327CB91EA989F60052F80B /* Products */ = {
			isa = PBXGroup;
			children = (
				F2327CB81EA989F60052F80B /* CarthageWorkspaceSample.app */,
			);
			name = Products;
			sourceTree = "<group>";
		};
		F2327CBA1EA989F60052F80B /* CarthageWorkspaceSample */ = {
			isa = PBXGroup;
			children = (
				F256678E1EA9AE8600D34E56 /* SampleLibrary.framework */,
				F2327CBB1EA989F60052F80B /* AppDelegate.swift */,
				F2327CBD1EA989F60052F80B /* ViewController.swift */,
				F2327CBF1EA989F60052F80B /* Main.storyboard */,
				F2327CC21EA989F60052F80B /* Assets.xcassets */,
				F2327CC41EA989F60052F80B /* LaunchScreen.storyboard */,
				F2327CC71EA989F60052F80B /* Info.plist */,
			);
			path = CarthageWorkspaceSample;
			sourceTree = "<group>";
		};
/* End PBXGroup section */

/* Begin PBXNativeTarget section */
		F2327CB71EA989F60052F80B /* CarthageWorkspaceSample */ = {
			isa = PBXNativeTarget;
			buildConfigurationList = F2327CCA1EA989F60052F80B /* Build configuration list for PBXNativeTarget "CarthageWorkspaceSample" */;
			buildPhases = (
				F2327CB41EA989F60052F80B /* Sources */,
				F2327CB51EA989F60052F80B /* Frameworks */,
				F2327CB61EA989F60052F80B /* Resources */,
				F23397481EA9AEED00B78298 /* carthage copy-frameworks */,
			);
			buildRules = (
			);
			dependencies = (
			);
			name = CarthageWorkspaceSample;
			productName = CarthageWorkspaceSample;
			productReference = F2327CB81EA989F60052F80B /* CarthageWorkspaceSample.app */;
			productType = "com.apple.product-type.application";
		};
/* End PBXNativeTarget section */

/* Begin PBXProject section */
		F2327CB01EA989F60052F80B /* Project object */ = {
			isa = PBXProject;
			attributes = {
				LastSwiftUpdateCheck = 0820;
				LastUpgradeCheck = 0820;
				ORGANIZATIONNAME = "Toshihiro Suzuki";
				TargetAttributes = {
					F2327CB71EA989F60052F80B = {
						CreatedOnToolsVersion = 8.2.1;
						ProvisioningStyle = Automatic;
					};
				};
			};
			buildConfigurationList = F2327CB31EA989F60052F80B /* Build configuration list for PBXProject "CarthageWorkspaceSample" */;
			compatibilityVersion = "Xcode 3.2";
			developmentRegion = English;
			hasScannedForEncodings = 0;
			knownRegions = (
				en,
				Base,
			);
			mainGroup = F2327CAF1EA989F60052F80B;
			productRefGroup = F2327CB91EA989F60052F80B /* Products */;
			projectDirPath = "";
			projectRoot = "";
			targets = (
				F2327CB71EA989F60052F80B /* CarthageWorkspaceSample */,
			);
		};
/* End PBXProject section */

/* Begin PBXResourcesBuildPhase section */
		F2327CB61EA989F60052F80B /* Resources */ = {
			isa = PBXResourcesBuildPhase;
			buildActionMask = 2147483647;
			files = (
				F2327CC61EA989F60052F80B /* LaunchScreen.storyboard in Resources */,
				F2327CC31EA989F60052F80B /* Assets.xcassets in Resources */,
				F2327CC11EA989F60052F80B /* Main.storyboard in Resources */,
			);
			runOnlyForDeploymentPostprocessing = 0;
		};
/* End PBXResourcesBuildPhase section */

/* Begin PBXShellScriptBuildPhase section */
		F23397481EA9AEED00B78298 /* carthage copy-frameworks */ = {
			isa = PBXShellScriptBuildPhase;
			buildActionMask = 2147483647;
			files = (
			);
			inputPaths = (
				"$(SRCROOT)/Carthage/Build/iOS/SampleLibrary.framework",
			);
			name = "carthage copy-frameworks";
			outputPaths = (
			);
			runOnlyForDeploymentPostprocessing = 0;
			shellPath = /bin/sh;
			shellScript = "carthage copy-frameworks";
		};
/* End PBXShellScriptBuildPhase section */

/* Begin PBXSourcesBuildPhase section */
		F2327CB41EA989F60052F80B /* Sources */ = {
			isa = PBXSourcesBuildPhase;
			buildActionMask = 2147483647;
			files = (
				F2327CBE1EA989F60052F80B /* ViewController.swift in Sources */,
				F2327CBC1EA989F60052F80B /* AppDelegate.swift in Sources */,
			);
			runOnlyForDeploymentPostprocessing = 0;
		};
/* End PBXSourcesBuildPhase section */

/* Begin PBXVariantGroup section */
		F2327CBF1EA989F60052F80B /* Main.storyboard */ = {
			isa = PBXVariantGroup;
			children = (
				F2327CC01EA989F60052F80B /* Base */,
			);
			name = Main.storyboard;
			sourceTree = "<group>";
		};
		F2327CC41EA989F60052F80B /* LaunchScreen.storyboard */ = {
			isa = PBXVariantGroup;
			children = (
				F2327CC51EA989F60052F80B /* Base */,
			);
			name = LaunchScreen.storyboard;
			sourceTree = "<group>";
		};
/* End PBXVariantGroup section */

/* Begin XCBuildConfiguration section */
		F2327CC81EA989F60052F80B /* Debug */ = {
			isa = XCBuildConfiguration;
			buildSettings = {
				ALWAYS_SEARCH_USER_PATHS = NO;
				CLANG_ANALYZER_NONNULL = YES;
				CLANG_CXX_LANGUAGE_STANDARD = "gnu++0x";
				CLANG_CXX_LIBRARY = "libc++";
				CLANG_ENABLE_MODULES = YES;
				CLANG_ENABLE_OBJC_ARC = YES;
				CLANG_WARN_BOOL_CONVERSION = YES;
				CLANG_WARN_CONSTANT_CONVERSION = YES;
				CLANG_WARN_DIRECT_OBJC_ISA_USAGE = YES_ERROR;
				CLANG_WARN_DOCUMENTATION_COMMENTS = YES;
				CLANG_WARN_EMPTY_BODY = YES;
				CLANG_WARN_ENUM_CONVERSION = YES;
				CLANG_WARN_INFINITE_RECURSION = YES;
				CLANG_WARN_INT_CONVERSION = YES;
				CLANG_WARN_OBJC_ROOT_CLASS = YES_ERROR;
				CLANG_WARN_SUSPICIOUS_MOVE = YES;
				CLANG_WARN_UNREACHABLE_CODE = YES;
				CLANG_WARN__DUPLICATE_METHOD_MATCH = YES;
				"CODE_SIGN_IDENTITY[sdk=iphoneos*]" = "iPhone Developer";
				COPY_PHASE_STRIP = NO;
				DEBUG_INFORMATION_FORMAT = dwarf;
				ENABLE_STRICT_OBJC_MSGSEND = YES;
				ENABLE_TESTABILITY = YES;
				GCC_C_LANGUAGE_STANDARD = gnu99;
				GCC_DYNAMIC_NO_PIC = NO;
				GCC_NO_COMMON_BLOCKS = YES;
				GCC_OPTIMIZATION_LEVEL = 0;
				GCC_PREPROCESSOR_DEFINITIONS = (
					"DEBUG=1",
					"$(inherited)",
				);
				GCC_WARN_64_TO_32_BIT_CONVERSION = YES;
				GCC_WARN_ABOUT_RETURN_TYPE = YES_ERROR;
				GCC_WARN_UNDECLARED_SELECTOR = YES;
				GCC_WARN_UNINITIALIZED_AUTOS = YES_AGGRESSIVE;
				GCC_WARN_UNUSED_FUNCTION = YES;
				GCC_WARN_UNUSED_VARIABLE = YES;
				IPHONEOS_DEPLOYMENT_TARGET = 10.2;
				MTL_ENABLE_DEBUG_INFO = YES;
				ONLY_ACTIVE_ARCH = YES;
				SDKROOT = iphoneos;
				SWIFT_ACTIVE_COMPILATION_CONDITIONS = DEBUG;
				SWIFT_OPTIMIZATION_LEVEL = "-Onone";
				TARGETED_DEVICE_FAMILY = "1,2";
			};
			name = Debug;
		};
		F2327CC91EA989F60052F80B /* Release */ = {
			isa = XCBuildConfiguration;
			buildSettings = {
				ALWAYS_SEARCH_USER_PATHS = NO;
				CLANG_ANALYZER_NONNULL = YES;
				CLANG_CXX_LANGUAGE_STANDARD = "gnu++0x";
				CLANG_CXX_LIBRARY = "libc++";
				CLANG_ENABLE_MODULES = YES;
				CLANG_ENABLE_OBJC_ARC = YES;
				CLANG_WARN_BOOL_CONVERSION = YES;
				CLANG_WARN_CONSTANT_CONVERSION = YES;
				CLANG_WARN_DIRECT_OBJC_ISA_USAGE = YES_ERROR;
				CLANG_WARN_DOCUMENTATION_COMMENTS = YES;
				CLANG_WARN_EMPTY_BODY = YES;
				CLANG_WARN_ENUM_CONVERSION = YES;
				CLANG_WARN_INFINITE_RECURSION = YES;
				CLANG_WARN_INT_CONVERSION = YES;
				CLANG_WARN_OBJC_ROOT_CLASS = YES_ERROR;
				CLANG_WARN_SUSPICIOUS_MOVE = YES;
				CLANG_WARN_UNREACHABLE_CODE = YES;
				CLANG_WARN__DUPLICATE_METHOD_MATCH = YES;
				"CODE_SIGN_IDENTITY[sdk=iphoneos*]" = "iPhone Developer";
				COPY_PHASE_STRIP = NO;
				DEBUG_INFORMATION_FORMAT = "dwarf-with-dsym";
				ENABLE_NS_ASSERTIONS = NO;
				ENABLE_STRICT_OBJC_MSGSEND = YES;
				GCC_C_LANGUAGE_STANDARD = gnu99;
				GCC_NO_COMMON_BLOCKS = YES;
				GCC_WARN_64_TO_32_BIT_CONVERSION = YES;
				GCC_WARN_ABOUT_RETURN_TYPE = YES_ERROR;
				GCC_WARN_UNDECLARED_SELECTOR = YES;
				GCC_WARN_UNINITIALIZED_AUTOS = YES_AGGRESSIVE;
				GCC_WARN_UNUSED_FUNCTION = YES;
				GCC_WARN_UNUSED_VARIABLE = YES;
				IPHONEOS_DEPLOYMENT_TARGET = 10.2;
				MTL_ENABLE_DEBUG_INFO = NO;
				SDKROOT = iphoneos;
				SWIFT_OPTIMIZATION_LEVEL = "-Owholemodule";
				TARGETED_DEVICE_FAMILY = "1,2";
				VALIDATE_PRODUCT = YES;
			};
			name = Release;
		};
		F2327CCB1EA989F60052F80B /* Debug */ = {
			isa = XCBuildConfiguration;
			buildSettings = {
				ASSETCATALOG_COMPILER_APPICON_NAME = AppIcon;
				FRAMEWORK_SEARCH_PATHS = (
					"$(inherited)",
					"$(PROJECT_DIR)/Carthage/Build/iOS",
				);
				INFOPLIST_FILE = CarthageWorkspaceSample/Info.plist;
				LD_RUNPATH_SEARCH_PATHS = "$(inherited) @executable_path/Frameworks";
				PRODUCT_BUNDLE_IDENTIFIER = jp.toshi0383.CarthageWorkspaceSample;
				PRODUCT_NAME = "$(TARGET_NAME)";
				SWIFT_VERSION = 3.0;
			};
			name = Debug;
		};
		F2327CCC1EA989F60052F80B /* Release */ = {
			isa = XCBuildConfiguration;
			buildSettings = {
				ASSETCATALOG_COMPILER_APPICON_NAME = AppIcon;
				FRAMEWORK_SEARCH_PATHS = (
					"$(inherited)",
					"$(PROJECT_DIR)/Carthage/Build/iOS",
				);
				INFOPLIST_FILE = CarthageWorkspaceSample/Info.plist;
				LD_RUNPATH_SEARCH_PATHS = "$(inherited) @executable_path/Frameworks";
				PRODUCT_BUNDLE_IDENTIFIER = jp.toshi0383.CarthageWorkspaceSample;
				PRODUCT_NAME = "$(TARGET_NAME)";
				SWIFT_VERSION = 3.0;
			};
			name = Release;
		};
/* End XCBuildConfiguration section */

/* Begin XCConfigurationList section */
		F2327CB31EA989F60052F80B /* Build configuration list for PBXProject "CarthageWorkspaceSample" */ = {
			isa = XCConfigurationList;
			buildConfigurations = (
				F2327CC81EA989F60052F80B /* Debug */,
				F2327CC91EA989F60052F80B /* Release */,
			);
			defaultConfigurationIsVisible = 0;
			defaultConfigurationName = Release;
		};
		F2327CCA1EA989F60052F80B /* Build configuration list for PBXNativeTarget "CarthageWorkspaceSample" */ = {
			isa = XCConfigurationList;
			buildConfigurations = (
				F2327CCB1EA989F60052F80B /* Debug */,
				F2327CCC1EA989F60052F80B /* Release */,
			);
			defaultConfigurationIsVisible = 0;
			defaultConfigurationName = Release;
		};
/* End XCConfigurationList section */
	};
	rootObject = F2327CB01EA989F60052F80B /* Project object */;
}
